// !$*UTF8*$!
{
	archiveVersion = 1;
	classes = {
	};
	objectVersion = 50;
	objects = {

/* Begin PBXBuildFile section */
		BD863D662592CC7C00B57C0C /* AppDelegate.swift in Sources */ = {isa = PBXBuildFile; fileRef = BD863D652592CC7C00B57C0C /* AppDelegate.swift */; };
		BD863D682592CC7C00B57C0C /* SceneDelegate.swift in Sources */ = {isa = PBXBuildFile; fileRef = BD863D672592CC7C00B57C0C /* SceneDelegate.swift */; };
		BD863D6A2592CC7C00B57C0C /* ViewController.swift in Sources */ = {isa = PBXBuildFile; fileRef = BD863D692592CC7C00B57C0C /* ViewController.swift */; };
		BD863D6D2592CC7C00B57C0C /* Main.storyboard in Resources */ = {isa = PBXBuildFile; fileRef = BD863D6B2592CC7C00B57C0C /* Main.storyboard */; };
		BD863D6F2592CC7D00B57C0C /* Assets.xcassets in Resources */ = {isa = PBXBuildFile; fileRef = BD863D6E2592CC7D00B57C0C /* Assets.xcassets */; };
		BD863D722592CC7D00B57C0C /* LaunchScreen.storyboard in Resources */ = {isa = PBXBuildFile; fileRef = BD863D702592CC7D00B57C0C /* LaunchScreen.storyboard */; };
		BD863D7D2592CC7D00B57C0C /* sustain_market_vendor_iOSTests.swift in Sources */ = {isa = PBXBuildFile; fileRef = BD863D7C2592CC7D00B57C0C /* sustain_market_vendor_iOSTests.swift */; };
		BD863D882592CC7D00B57C0C /* sustain_market_vendor_iOSUITests.swift in Sources */ = {isa = PBXBuildFile; fileRef = BD863D872592CC7D00B57C0C /* sustain_market_vendor_iOSUITests.swift */; };
/* End PBXBuildFile section */

/* Begin PBXContainerItemProxy section */
		BD863D792592CC7D00B57C0C /* PBXContainerItemProxy */ = {
			isa = PBXContainerItemProxy;
			containerPortal = BD863D5A2592CC7C00B57C0C /* Project object */;
			proxyType = 1;
			remoteGlobalIDString = BD863D612592CC7C00B57C0C;
			remoteInfo = "sustain-market-vendor-iOS";
		};
		BD863D842592CC7D00B57C0C /* PBXContainerItemProxy */ = {
			isa = PBXContainerItemProxy;
			containerPortal = BD863D5A2592CC7C00B57C0C /* Project object */;
			proxyType = 1;
			remoteGlobalIDString = BD863D612592CC7C00B57C0C;
			remoteInfo = "sustain-market-vendor-iOS";
		};
/* End PBXContainerItemProxy section */

/* Begin PBXFileReference section */
		BD863D622592CC7C00B57C0C /* sustain-market-vendor-iOS.app */ = {isa = PBXFileReference; explicitFileType = wrapper.application; includeInIndex = 0; path = "sustain-market-vendor-iOS.app"; sourceTree = BUILT_PRODUCTS_DIR; };
		BD863D652592CC7C00B57C0C /* AppDelegate.swift */ = {isa = PBXFileReference; lastKnownFileType = sourcecode.swift; path = AppDelegate.swift; sourceTree = "<group>"; };
		BD863D672592CC7C00B57C0C /* SceneDelegate.swift */ = {isa = PBXFileReference; lastKnownFileType = sourcecode.swift; path = SceneDelegate.swift; sourceTree = "<group>"; };
		BD863D692592CC7C00B57C0C /* ViewController.swift */ = {isa = PBXFileReference; lastKnownFileType = sourcecode.swift; path = ViewController.swift; sourceTree = "<group>"; };
		BD863D6C2592CC7C00B57C0C /* Base */ = {isa = PBXFileReference; lastKnownFileType = file.storyboard; name = Base; path = Base.lproj/Main.storyboard; sourceTree = "<group>"; };
		BD863D6E2592CC7D00B57C0C /* Assets.xcassets */ = {isa = PBXFileReference; lastKnownFileType = folder.assetcatalog; path = Assets.xcassets; sourceTree = "<group>"; };
		BD863D712592CC7D00B57C0C /* Base */ = {isa = PBXFileReference; lastKnownFileType = file.storyboard; name = Base; path = Base.lproj/LaunchScreen.storyboard; sourceTree = "<group>"; };
		BD863D732592CC7D00B57C0C /* Info.plist */ = {isa = PBXFileReference; lastKnownFileType = text.plist.xml; path = Info.plist; sourceTree = "<group>"; };
		BD863D782592CC7D00B57C0C /* sustain-market-vendor-iOSTests.xctest */ = {isa = PBXFileReference; explicitFileType = wrapper.cfbundle; includeInIndex = 0; path = "sustain-market-vendor-iOSTests.xctest"; sourceTree = BUILT_PRODUCTS_DIR; };
		BD863D7C2592CC7D00B57C0C /* sustain_market_vendor_iOSTests.swift */ = {isa = PBXFileReference; lastKnownFileType = sourcecode.swift; path = sustain_market_vendor_iOSTests.swift; sourceTree = "<group>"; };
		BD863D7E2592CC7D00B57C0C /* Info.plist */ = {isa = PBXFileReference; lastKnownFileType = text.plist.xml; path = Info.plist; sourceTree = "<group>"; };
		BD863D832592CC7D00B57C0C /* sustain-market-vendor-iOSUITests.xctest */ = {isa = PBXFileReference; explicitFileType = wrapper.cfbundle; includeInIndex = 0; path = "sustain-market-vendor-iOSUITests.xctest"; sourceTree = BUILT_PRODUCTS_DIR; };
		BD863D872592CC7D00B57C0C /* sustain_market_vendor_iOSUITests.swift */ = {isa = PBXFileReference; lastKnownFileType = sourcecode.swift; path = sustain_market_vendor_iOSUITests.swift; sourceTree = "<group>"; };
		BD863D892592CC7D00B57C0C /* Info.plist */ = {isa = PBXFileReference; lastKnownFileType = text.plist.xml; path = Info.plist; sourceTree = "<group>"; };
/* End PBXFileReference section */

/* Begin PBXFrameworksBuildPhase section */
		BD863D5F2592CC7C00B57C0C /* Frameworks */ = {
			isa = PBXFrameworksBuildPhase;
			buildActionMask = 2147483647;
			files = (
			);
			runOnlyForDeploymentPostprocessing = 0;
		};
		BD863D752592CC7D00B57C0C /* Frameworks */ = {
			isa = PBXFrameworksBuildPhase;
			buildActionMask = 2147483647;
			files = (
			);
			runOnlyForDeploymentPostprocessing = 0;
		};
		BD863D802592CC7D00B57C0C /* Frameworks */ = {
			isa = PBXFrameworksBuildPhase;
			buildActionMask = 2147483647;
			files = (
			);
			runOnlyForDeploymentPostprocessing = 0;
		};
/* End PBXFrameworksBuildPhase section */

/* Begin PBXGroup section */
		BD863D592592CC7C00B57C0C = {
			isa = PBXGroup;
			children = (
				BD863D642592CC7C00B57C0C /* sustain-market-vendor-iOS */,
				BD863D7B2592CC7D00B57C0C /* sustain-market-vendor-iOSTests */,
				BD863D862592CC7D00B57C0C /* sustain-market-vendor-iOSUITests */,
				BD863D632592CC7C00B57C0C /* Products */,
			);
			sourceTree = "<group>";
		};
		BD863D632592CC7C00B57C0C /* Products */ = {
			isa = PBXGroup;
			children = (
				BD863D622592CC7C00B57C0C /* sustain-market-vendor-iOS.app */,
				BD863D782592CC7D00B57C0C /* sustain-market-vendor-iOSTests.xctest */,
				BD863D832592CC7D00B57C0C /* sustain-market-vendor-iOSUITests.xctest */,
			);
			name = Products;
			sourceTree = "<group>";
		};
		BD863D642592CC7C00B57C0C /* sustain-market-vendor-iOS */ = {
			isa = PBXGroup;
			children = (
				BD863D652592CC7C00B57C0C /* AppDelegate.swift */,
				BD863D672592CC7C00B57C0C /* SceneDelegate.swift */,
				BD863D692592CC7C00B57C0C /* ViewController.swift */,
				BD863D6B2592CC7C00B57C0C /* Main.storyboard */,
				BD863D6E2592CC7D00B57C0C /* Assets.xcassets */,
				BD863D702592CC7D00B57C0C /* LaunchScreen.storyboard */,
				BD863D732592CC7D00B57C0C /* Info.plist */,
			);
			path = "sustain-market-vendor-iOS";
			sourceTree = "<group>";
		};
		BD863D7B2592CC7D00B57C0C /* sustain-market-vendor-iOSTests */ = {
			isa = PBXGroup;
			children = (
				BD863D7C2592CC7D00B57C0C /* sustain_market_vendor_iOSTests.swift */,
				BD863D7E2592CC7D00B57C0C /* Info.plist */,
			);
			path = "sustain-market-vendor-iOSTests";
			sourceTree = "<group>";
		};
		BD863D862592CC7D00B57C0C /* sustain-market-vendor-iOSUITests */ = {
			isa = PBXGroup;
			children = (
				BD863D872592CC7D00B57C0C /* sustain_market_vendor_iOSUITests.swift */,
				BD863D892592CC7D00B57C0C /* Info.plist */,
			);
			path = "sustain-market-vendor-iOSUITests";
			sourceTree = "<group>";
		};
/* End PBXGroup section */

/* Begin PBXNativeTarget section */
		BD863D612592CC7C00B57C0C /* sustain-market-vendor-iOS */ = {
			isa = PBXNativeTarget;
			buildConfigurationList = BD863D8C2592CC7D00B57C0C /* Build configuration list for PBXNativeTarget "sustain-market-vendor-iOS" */;
			buildPhases = (
				BD863D5E2592CC7C00B57C0C /* Sources */,
				BD863D5F2592CC7C00B57C0C /* Frameworks */,
				BD863D602592CC7C00B57C0C /* Resources */,
			);
			buildRules = (
			);
			dependencies = (
			);
			name = "sustain-market-vendor-iOS";
			productName = "sustain-market-vendor-iOS";
			productReference = BD863D622592CC7C00B57C0C /* sustain-market-vendor-iOS.app */;
			productType = "com.apple.product-type.application";
		};
		BD863D772592CC7D00B57C0C /* sustain-market-vendor-iOSTests */ = {
			isa = PBXNativeTarget;
			buildConfigurationList = BD863D8F2592CC7D00B57C0C /* Build configuration list for PBXNativeTarget "sustain-market-vendor-iOSTests" */;
			buildPhases = (
				BD863D742592CC7D00B57C0C /* Sources */,
				BD863D752592CC7D00B57C0C /* Frameworks */,
				BD863D762592CC7D00B57C0C /* Resources */,
			);
			buildRules = (
			);
			dependencies = (
				BD863D7A2592CC7D00B57C0C /* PBXTargetDependency */,
			);
			name = "sustain-market-vendor-iOSTests";
			productName = "sustain-market-vendor-iOSTests";
			productReference = BD863D782592CC7D00B57C0C /* sustain-market-vendor-iOSTests.xctest */;
			productType = "com.apple.product-type.bundle.unit-test";
		};
		BD863D822592CC7D00B57C0C /* sustain-market-vendor-iOSUITests */ = {
			isa = PBXNativeTarget;
			buildConfigurationList = BD863D922592CC7D00B57C0C /* Build configuration list for PBXNativeTarget "sustain-market-vendor-iOSUITests" */;
			buildPhases = (
				BD863D7F2592CC7D00B57C0C /* Sources */,
				BD863D802592CC7D00B57C0C /* Frameworks */,
				BD863D812592CC7D00B57C0C /* Resources */,
			);
			buildRules = (
			);
			dependencies = (
				BD863D852592CC7D00B57C0C /* PBXTargetDependency */,
			);
			name = "sustain-market-vendor-iOSUITests";
			productName = "sustain-market-vendor-iOSUITests";
			productReference = BD863D832592CC7D00B57C0C /* sustain-market-vendor-iOSUITests.xctest */;
			productType = "com.apple.product-type.bundle.ui-testing";
		};
/* End PBXNativeTarget section */

/* Begin PBXProject section */
		BD863D5A2592CC7C00B57C0C /* Project object */ = {
			isa = PBXProject;
			attributes = {
				LastSwiftUpdateCheck = 1200;
				LastUpgradeCheck = 1200;
				TargetAttributes = {
					BD863D612592CC7C00B57C0C = {
						CreatedOnToolsVersion = 12.0.1;
					};
					BD863D772592CC7D00B57C0C = {
						CreatedOnToolsVersion = 12.0.1;
						TestTargetID = BD863D612592CC7C00B57C0C;
					};
					BD863D822592CC7D00B57C0C = {
						CreatedOnToolsVersion = 12.0.1;
						TestTargetID = BD863D612592CC7C00B57C0C;
					};
				};
			};
			buildConfigurationList = BD863D5D2592CC7C00B57C0C /* Build configuration list for PBXProject "sustain-market-vendor-iOS" */;
			compatibilityVersion = "Xcode 9.3";
			developmentRegion = en;
			hasScannedForEncodings = 0;
			knownRegions = (
				en,
				Base,
			);
			mainGroup = BD863D592592CC7C00B57C0C;
			productRefGroup = BD863D632592CC7C00B57C0C /* Products */;
			projectDirPath = "";
			projectRoot = "";
			targets = (
				BD863D612592CC7C00B57C0C /* sustain-market-vendor-iOS */,
				BD863D772592CC7D00B57C0C /* sustain-market-vendor-iOSTests */,
				BD863D822592CC7D00B57C0C /* sustain-market-vendor-iOSUITests */,
			);
		};
/* End PBXProject section */

/* Begin PBXResourcesBuildPhase section */
		BD863D602592CC7C00B57C0C /* Resources */ = {
			isa = PBXResourcesBuildPhase;
			buildActionMask = 2147483647;
			files = (
				BD863D722592CC7D00B57C0C /* LaunchScreen.storyboard in Resources */,
				BD863D6F2592CC7D00B57C0C /* Assets.xcassets in Resources */,
				BD863D6D2592CC7C00B57C0C /* Main.storyboard in Resources */,
			);
			runOnlyForDeploymentPostprocessing = 0;
		};
		BD863D762592CC7D00B57C0C /* Resources */ = {
			isa = PBXResourcesBuildPhase;
			buildActionMask = 2147483647;
			files = (
			);
			runOnlyForDeploymentPostprocessing = 0;
		};
		BD863D812592CC7D00B57C0C /* Resources */ = {
			isa = PBXResourcesBuildPhase;
			buildActionMask = 2147483647;
			files = (
			);
			runOnlyForDeploymentPostprocessing = 0;
		};
/* End PBXResourcesBuildPhase section */

/* Begin PBXSourcesBuildPhase section */
		BD863D5E2592CC7C00B57C0C /* Sources */ = {
			isa = PBXSourcesBuildPhase;
			buildActionMask = 2147483647;
			files = (
				BD863D6A2592CC7C00B57C0C /* ViewController.swift in Sources */,
				BD863D662592CC7C00B57C0C /* AppDelegate.swift in Sources */,
				BD863D682592CC7C00B57C0C /* SceneDelegate.swift in Sources */,
			);
			runOnlyForDeploymentPostprocessing = 0;
		};
		BD863D742592CC7D00B57C0C /* Sources */ = {
			isa = PBXSourcesBuildPhase;
			buildActionMask = 2147483647;
			files = (
				BD863D7D2592CC7D00B57C0C /* sustain_market_vendor_iOSTests.swift in Sources */,
			);
			runOnlyForDeploymentPostprocessing = 0;
		};
		BD863D7F2592CC7D00B57C0C /* Sources */ = {
			isa = PBXSourcesBuildPhase;
			buildActionMask = 2147483647;
			files = (
				BD863D882592CC7D00B57C0C /* sustain_market_vendor_iOSUITests.swift in Sources */,
			);
			runOnlyForDeploymentPostprocessing = 0;
		};
/* End PBXSourcesBuildPhase section */

/* Begin PBXTargetDependency section */
		BD863D7A2592CC7D00B57C0C /* PBXTargetDependency */ = {
			isa = PBXTargetDependency;
			target = BD863D612592CC7C00B57C0C /* sustain-market-vendor-iOS */;
			targetProxy = BD863D792592CC7D00B57C0C /* PBXContainerItemProxy */;
		};
		BD863D852592CC7D00B57C0C /* PBXTargetDependency */ = {
			isa = PBXTargetDependency;
			target = BD863D612592CC7C00B57C0C /* sustain-market-vendor-iOS */;
			targetProxy = BD863D842592CC7D00B57C0C /* PBXContainerItemProxy */;
		};
/* End PBXTargetDependency section */

/* Begin PBXVariantGroup section */
		BD863D6B2592CC7C00B57C0C /* Main.storyboard */ = {
			isa = PBXVariantGroup;
			children = (
				BD863D6C2592CC7C00B57C0C /* Base */,
			);
			name = Main.storyboard;
			sourceTree = "<group>";
		};
		BD863D702592CC7D00B57C0C /* LaunchScreen.storyboard */ = {
			isa = PBXVariantGroup;
			children = (
				BD863D712592CC7D00B57C0C /* Base */,
			);
			name = LaunchScreen.storyboard;
			sourceTree = "<group>";
		};
/* End PBXVariantGroup section */

/* Begin XCBuildConfiguration section */
		BD863D8A2592CC7D00B57C0C /* Debug */ = {
			isa = XCBuildConfiguration;
			buildSettings = {
				ALWAYS_SEARCH_USER_PATHS = NO;
				CLANG_ANALYZER_NONNULL = YES;
				CLANG_ANALYZER_NUMBER_OBJECT_CONVERSION = YES_AGGRESSIVE;
				CLANG_CXX_LANGUAGE_STANDARD = "gnu++14";
				CLANG_CXX_LIBRARY = "libc++";
				CLANG_ENABLE_MODULES = YES;
				CLANG_ENABLE_OBJC_ARC = YES;
				CLANG_ENABLE_OBJC_WEAK = YES;
				CLANG_WARN_BLOCK_CAPTURE_AUTORELEASING = YES;
				CLANG_WARN_BOOL_CONVERSION = YES;
				CLANG_WARN_COMMA = YES;
				CLANG_WARN_CONSTANT_CONVERSION = YES;
				CLANG_WARN_DEPRECATED_OBJC_IMPLEMENTATIONS = YES;
				CLANG_WARN_DIRECT_OBJC_ISA_USAGE = YES_ERROR;
				CLANG_WARN_DOCUMENTATION_COMMENTS = YES;
				CLANG_WARN_EMPTY_BODY = YES;
				CLANG_WARN_ENUM_CONVERSION = YES;
				CLANG_WARN_INFINITE_RECURSION = YES;
				CLANG_WARN_INT_CONVERSION = YES;
				CLANG_WARN_NON_LITERAL_NULL_CONVERSION = YES;
				CLANG_WARN_OBJC_IMPLICIT_RETAIN_SELF = YES;
				CLANG_WARN_OBJC_LITERAL_CONVERSION = YES;
				CLANG_WARN_OBJC_ROOT_CLASS = YES_ERROR;
				CLANG_WARN_QUOTED_INCLUDE_IN_FRAMEWORK_HEADER = YES;
				CLANG_WARN_RANGE_LOOP_ANALYSIS = YES;
				CLANG_WARN_STRICT_PROTOTYPES = YES;
				CLANG_WARN_SUSPICIOUS_MOVE = YES;
				CLANG_WARN_UNGUARDED_AVAILABILITY = YES_AGGRESSIVE;
				CLANG_WARN_UNREACHABLE_CODE = YES;
				CLANG_WARN__DUPLICATE_METHOD_MATCH = YES;
				COPY_PHASE_STRIP = NO;
				DEBUG_INFORMATION_FORMAT = dwarf;
				ENABLE_STRICT_OBJC_MSGSEND = YES;
				ENABLE_TESTABILITY = YES;
				GCC_C_LANGUAGE_STANDARD = gnu11;
				GCC_DYNAMIC_NO_PIC = NO;
				GCC_NO_COMMON_BLOCKS = YES;
				GCC_OPTIMIZATION_LEVEL = 0;
				GCC_PREPROCESSOR_DEFINITIONS = (
					"DEBUG=1",
					"$(inherited)",
				);
				GCC_WARN_64_TO_32_BIT_CONVERSION = YES;
				GCC_WARN_ABOUT_RETURN_TYPE = YES_ERROR;
				GCC_WARN_UNDECLARED_SELECTOR = YES;
				GCC_WARN_UNINITIALIZED_AUTOS = YES_AGGRESSIVE;
				GCC_WARN_UNUSED_FUNCTION = YES;
				GCC_WARN_UNUSED_VARIABLE = YES;
				IPHONEOS_DEPLOYMENT_TARGET = 14.0;
				MTL_ENABLE_DEBUG_INFO = INCLUDE_SOURCE;
				MTL_FAST_MATH = YES;
				ONLY_ACTIVE_ARCH = YES;
				SDKROOT = iphoneos;
				SWIFT_ACTIVE_COMPILATION_CONDITIONS = DEBUG;
				SWIFT_OPTIMIZATION_LEVEL = "-Onone";
			};
			name = Debug;
		};
		BD863D8B2592CC7D00B57C0C /* Release */ = {
			isa = XCBuildConfiguration;
			buildSettings = {
				ALWAYS_SEARCH_USER_PATHS = NO;
				CLANG_ANALYZER_NONNULL = YES;
				CLANG_ANALYZER_NUMBER_OBJECT_CONVERSION = YES_AGGRESSIVE;
				CLANG_CXX_LANGUAGE_STANDARD = "gnu++14";
				CLANG_CXX_LIBRARY = "libc++";
				CLANG_ENABLE_MODULES = YES;
				CLANG_ENABLE_OBJC_ARC = YES;
				CLANG_ENABLE_OBJC_WEAK = YES;
				CLANG_WARN_BLOCK_CAPTURE_AUTORELEASING = YES;
				CLANG_WARN_BOOL_CONVERSION = YES;
				CLANG_WARN_COMMA = YES;
				CLANG_WARN_CONSTANT_CONVERSION = YES;
				CLANG_WARN_DEPRECATED_OBJC_IMPLEMENTATIONS = YES;
				CLANG_WARN_DIRECT_OBJC_ISA_USAGE = YES_ERROR;
				CLANG_WARN_DOCUMENTATION_COMMENTS = YES;
				CLANG_WARN_EMPTY_BODY = YES;
				CLANG_WARN_ENUM_CONVERSION = YES;
				CLANG_WARN_INFINITE_RECURSION = YES;
				CLANG_WARN_INT_CONVERSION = YES;
				CLANG_WARN_NON_LITERAL_NULL_CONVERSION = YES;
				CLANG_WARN_OBJC_IMPLICIT_RETAIN_SELF = YES;
				CLANG_WARN_OBJC_LITERAL_CONVERSION = YES;
				CLANG_WARN_OBJC_ROOT_CLASS = YES_ERROR;
				CLANG_WARN_QUOTED_INCLUDE_IN_FRAMEWORK_HEADER = YES;
				CLANG_WARN_RANGE_LOOP_ANALYSIS = YES;
				CLANG_WARN_STRICT_PROTOTYPES = YES;
				CLANG_WARN_SUSPICIOUS_MOVE = YES;
				CLANG_WARN_UNGUARDED_AVAILABILITY = YES_AGGRESSIVE;
				CLANG_WARN_UNREACHABLE_CODE = YES;
				CLANG_WARN__DUPLICATE_METHOD_MATCH = YES;
				COPY_PHASE_STRIP = NO;
				DEBUG_INFORMATION_FORMAT = "dwarf-with-dsym";
				ENABLE_NS_ASSERTIONS = NO;
				ENABLE_STRICT_OBJC_MSGSEND = YES;
				GCC_C_LANGUAGE_STANDARD = gnu11;
				GCC_NO_COMMON_BLOCKS = YES;
				GCC_WARN_64_TO_32_BIT_CONVERSION = YES;
				GCC_WARN_ABOUT_RETURN_TYPE = YES_ERROR;
				GCC_WARN_UNDECLARED_SELECTOR = YES;
				GCC_WARN_UNINITIALIZED_AUTOS = YES_AGGRESSIVE;
				GCC_WARN_UNUSED_FUNCTION = YES;
				GCC_WARN_UNUSED_VARIABLE = YES;
				IPHONEOS_DEPLOYMENT_TARGET = 14.0;
				MTL_ENABLE_DEBUG_INFO = NO;
				MTL_FAST_MATH = YES;
				SDKROOT = iphoneos;
				SWIFT_COMPILATION_MODE = wholemodule;
				SWIFT_OPTIMIZATION_LEVEL = "-O";
				VALIDATE_PRODUCT = YES;
			};
			name = Release;
		};
		BD863D8D2592CC7D00B57C0C /* Debug */ = {
			isa = XCBuildConfiguration;
			buildSettings = {
				ASSETCATALOG_COMPILER_APPICON_NAME = AppIcon;
				ASSETCATALOG_COMPILER_GLOBAL_ACCENT_COLOR_NAME = AccentColor;
				CODE_SIGN_STYLE = Automatic;
				DEVELOPMENT_TEAM = 588N78CHHG;
				INFOPLIST_FILE = "sustain-market-vendor-iOS/Info.plist";
				LD_RUNPATH_SEARCH_PATHS = (
					"$(inherited)",
					"@executable_path/Frameworks",
				);
				PRODUCT_BUNDLE_IDENTIFIER = "abhirajchatterjee.sustain-market-vendor-iOS";
				PRODUCT_NAME = "$(TARGET_NAME)";
				SWIFT_VERSION = 5.0;
				TARGETED_DEVICE_FAMILY = "1,2";
			};
			name = Debug;
		};
		BD863D8E2592CC7D00B57C0C /* Release */ = {
			isa = XCBuildConfiguration;
			buildSettings = {
				ASSETCATALOG_COMPILER_APPICON_NAME = AppIcon;
				ASSETCATALOG_COMPILER_GLOBAL_ACCENT_COLOR_NAME = AccentColor;
				CODE_SIGN_STYLE = Automatic;
				DEVELOPMENT_TEAM = 588N78CHHG;
				INFOPLIST_FILE = "sustain-market-vendor-iOS/Info.plist";
				LD_RUNPATH_SEARCH_PATHS = (
					"$(inherited)",
					"@executable_path/Frameworks",
				);
				PRODUCT_BUNDLE_IDENTIFIER = "abhirajchatterjee.sustain-market-vendor-iOS";
				PRODUCT_NAME = "$(TARGET_NAME)";
				SWIFT_VERSION = 5.0;
				TARGETED_DEVICE_FAMILY = "1,2";
			};
			name = Release;
		};
		BD863D902592CC7D00B57C0C /* Debug */ = {
			isa = XCBuildConfiguration;
			buildSettings = {
				ALWAYS_EMBED_SWIFT_STANDARD_LIBRARIES = YES;
				BUNDLE_LOADER = "$(TEST_HOST)";
				CODE_SIGN_STYLE = Automatic;
				DEVELOPMENT_TEAM = 588N78CHHG;
				INFOPLIST_FILE = "sustain-market-vendor-iOSTests/Info.plist";
				IPHONEOS_DEPLOYMENT_TARGET = 14.0;
				LD_RUNPATH_SEARCH_PATHS = (
					"$(inherited)",
					"@executable_path/Frameworks",
					"@loader_path/Frameworks",
				);
				PRODUCT_BUNDLE_IDENTIFIER = "abhirajchatterjee.sustain-market-vendor-iOSTests";
				PRODUCT_NAME = "$(TARGET_NAME)";
				SWIFT_VERSION = 5.0;
				TARGETED_DEVICE_FAMILY = "1,2";
				TEST_HOST = "$(BUILT_PRODUCTS_DIR)/sustain-market-vendor-iOS.app/sustain-market-vendor-iOS";
			};
			name = Debug;
		};
		BD863D912592CC7D00B57C0C /* Release */ = {
			isa = XCBuildConfiguration;
			buildSettings = {
				ALWAYS_EMBED_SWIFT_STANDARD_LIBRARIES = YES;
				BUNDLE_LOADER = "$(TEST_HOST)";
				CODE_SIGN_STYLE = Automatic;
				DEVELOPMENT_TEAM = 588N78CHHG;
				INFOPLIST_FILE = "sustain-market-vendor-iOSTests/Info.plist";
				IPHONEOS_DEPLOYMENT_TARGET = 14.0;
				LD_RUNPATH_SEARCH_PATHS = (
					"$(inherited)",
					"@executable_path/Frameworks",
					"@loader_path/Frameworks",
				);
				PRODUCT_BUNDLE_IDENTIFIER = "abhirajchatterjee.sustain-market-vendor-iOSTests";
				PRODUCT_NAME = "$(TARGET_NAME)";
				SWIFT_VERSION = 5.0;
				TARGETED_DEVICE_FAMILY = "1,2";
				TEST_HOST = "$(BUILT_PRODUCTS_DIR)/sustain-market-vendor-iOS.app/sustain-market-vendor-iOS";
			};
			name = Release;
		};
		BD863D932592CC7D00B57C0C /* Debug */ = {
			isa = XCBuildConfiguration;
			buildSettings = {
				ALWAYS_EMBED_SWIFT_STANDARD_LIBRARIES = YES;
				CODE_SIGN_STYLE = Automatic;
				DEVELOPMENT_TEAM = 588N78CHHG;
				INFOPLIST_FILE = "sustain-market-vendor-iOSUITests/Info.plist";
				LD_RUNPATH_SEARCH_PATHS = (
					"$(inherited)",
					"@executable_path/Frameworks",
					"@loader_path/Frameworks",
				);
				PRODUCT_BUNDLE_IDENTIFIER = "abhirajchatterjee.sustain-market-vendor-iOSUITests";
				PRODUCT_NAME = "$(TARGET_NAME)";
				SWIFT_VERSION = 5.0;
				TARGETED_DEVICE_FAMILY = "1,2";
				TEST_TARGET_NAME = "sustain-market-vendor-iOS";
			};
			name = Debug;
		};
		BD863D942592CC7D00B57C0C /* Release */ = {
			isa = XCBuildConfiguration;
			buildSettings = {
				ALWAYS_EMBED_SWIFT_STANDARD_LIBRARIES = YES;
				CODE_SIGN_STYLE = Automatic;
				DEVELOPMENT_TEAM = 588N78CHHG;
				INFOPLIST_FILE = "sustain-market-vendor-iOSUITests/Info.plist";
				LD_RUNPATH_SEARCH_PATHS = (
					"$(inherited)",
					"@executable_path/Frameworks",
					"@loader_path/Frameworks",
				);
				PRODUCT_BUNDLE_IDENTIFIER = "abhirajchatterjee.sustain-market-vendor-iOSUITests";
				PRODUCT_NAME = "$(TARGET_NAME)";
				SWIFT_VERSION = 5.0;
				TARGETED_DEVICE_FAMILY = "1,2";
				TEST_TARGET_NAME = "sustain-market-vendor-iOS";
			};
			name = Release;
		};
/* End XCBuildConfiguration section */

/* Begin XCConfigurationList section */
		BD863D5D2592CC7C00B57C0C /* Build configuration list for PBXProject "sustain-market-vendor-iOS" */ = {
			isa = XCConfigurationList;
			buildConfigurations = (
				BD863D8A2592CC7D00B57C0C /* Debug */,
				BD863D8B2592CC7D00B57C0C /* Release */,
			);
			defaultConfigurationIsVisible = 0;
			defaultConfigurationName = Release;
		};
		BD863D8C2592CC7D00B57C0C /* Build configuration list for PBXNativeTarget "sustain-market-vendor-iOS" */ = {
			isa = XCConfigurationList;
			buildConfigurations = (
				BD863D8D2592CC7D00B57C0C /* Debug */,
				BD863D8E2592CC7D00B57C0C /* Release */,
			);
			defaultConfigurationIsVisible = 0;
			defaultConfigurationName = Release;
		};
		BD863D8F2592CC7D00B57C0C /* Build configuration list for PBXNativeTarget "sustain-market-vendor-iOSTests" */ = {
			isa = XCConfigurationList;
			buildConfigurations = (
				BD863D902592CC7D00B57C0C /* Debug */,
				BD863D912592CC7D00B57C0C /* Release */,
			);
			defaultConfigurationIsVisible = 0;
			defaultConfigurationName = Release;
		};
		BD863D922592CC7D00B57C0C /* Build configuration list for PBXNativeTarget "sustain-market-vendor-iOSUITests" */ = {
			isa = XCConfigurationList;
			buildConfigurations = (
				BD863D932592CC7D00B57C0C /* Debug */,
				BD863D942592CC7D00B57C0C /* Release */,
			);
			defaultConfigurationIsVisible = 0;
			defaultConfigurationName = Release;
		};
/* End XCConfigurationList section */
	};
	rootObject = BD863D5A2592CC7C00B57C0C /* Project object */;
}
